// !$*UTF8*$!
{
	archiveVersion = 1;
	classes = {
	};
	objectVersion = 56;
	objects = {

/* Begin PBXBuildFile section */
		14CD7AEA2AC89B0A009CC207 /* EditCourseView.swift in Sources */ = {isa = PBXBuildFile; fileRef = 14CD7AE92AC89B09009CC207 /* EditCourseView.swift */; };
		14CD7AEC2AC89C68009CC207 /* SettingView.swift in Sources */ = {isa = PBXBuildFile; fileRef = 14CD7AEB2AC89C68009CC207 /* SettingView.swift */; };
		14CD7AEE2AC89C87009CC207 /* LinkView.swift in Sources */ = {isa = PBXBuildFile; fileRef = 14CD7AED2AC89C87009CC207 /* LinkView.swift */; };
		14CD7AF02AC8A5B1009CC207 /* HexagonView.swift in Sources */ = {isa = PBXBuildFile; fileRef = 14CD7AEF2AC8A5B1009CC207 /* HexagonView.swift */; };
		4112624A2AC5F21600A345FB /* CourseFinderApp.swift in Sources */ = {isa = PBXBuildFile; fileRef = 411262492AC5F21600A345FB /* CourseFinderApp.swift */; };
		4112624C2AC5F21600A345FB /* ContentView.swift in Sources */ = {isa = PBXBuildFile; fileRef = 4112624B2AC5F21600A345FB /* ContentView.swift */; };
		4112624E2AC5F21700A345FB /* Assets.xcassets in Resources */ = {isa = PBXBuildFile; fileRef = 4112624D2AC5F21700A345FB /* Assets.xcassets */; };
		411262512AC5F21700A345FB /* Preview Assets.xcassets in Resources */ = {isa = PBXBuildFile; fileRef = 411262502AC5F21700A345FB /* Preview Assets.xcassets */; };
		411262632AC6028500A345FB /* HomeView.swift in Sources */ = {isa = PBXBuildFile; fileRef = 411262622AC6028500A345FB /* HomeView.swift */; };
		411262692AC7125F00A345FB /* OnboardingView.swift in Sources */ = {isa = PBXBuildFile; fileRef = 411262682AC7125F00A345FB /* OnboardingView.swift */; };
		414D3AEB2AC758F300578C18 /* ScheduleView.swift in Sources */ = {isa = PBXBuildFile; fileRef = 414D3AEA2AC758F300578C18 /* ScheduleView.swift */; };
		414D3AED2AC776CE00578C18 /* MainView.swift in Sources */ = {isa = PBXBuildFile; fileRef = 414D3AEC2AC776CE00578C18 /* MainView.swift */; };
		414D3AF02AC852D500578C18 /* CustomeTabBar.swift in Sources */ = {isa = PBXBuildFile; fileRef = 414D3AEF2AC852D500578C18 /* CustomeTabBar.swift */; };
		414D3AF22AC859AA00578C18 /* Courses.swift in Sources */ = {isa = PBXBuildFile; fileRef = 414D3AF12AC859AA00578C18 /* Courses.swift */; };
		414D3AF42AC85D4900578C18 /* AddCourseView.swift in Sources */ = {isa = PBXBuildFile; fileRef = 414D3AF32AC85D4900578C18 /* AddCourseView.swift */; };
		414D3AF62AC872B600578C18 /* SwiftData.swift in Sources */ = {isa = PBXBuildFile; fileRef = 414D3AF52AC872B600578C18 /* SwiftData.swift */; };
		419113992AC8745800291B0D /* Courses.xcdatamodeld in Sources */ = {isa = PBXBuildFile; fileRef = 419113972AC8745800291B0D /* Courses.xcdatamodeld */; };
/* End PBXBuildFile section */

/* Begin PBXFileReference section */
		14CD7AE92AC89B09009CC207 /* EditCourseView.swift */ = {isa = PBXFileReference; lastKnownFileType = sourcecode.swift; path = EditCourseView.swift; sourceTree = "<group>"; };
		14CD7AEB2AC89C68009CC207 /* SettingView.swift */ = {isa = PBXFileReference; lastKnownFileType = sourcecode.swift; path = SettingView.swift; sourceTree = "<group>"; };
		14CD7AED2AC89C87009CC207 /* LinkView.swift */ = {isa = PBXFileReference; lastKnownFileType = sourcecode.swift; path = LinkView.swift; sourceTree = "<group>"; };
		14CD7AEF2AC8A5B1009CC207 /* HexagonView.swift */ = {isa = PBXFileReference; lastKnownFileType = sourcecode.swift; path = HexagonView.swift; sourceTree = "<group>"; };
		411262462AC5F21600A345FB /* CourseFinder.app */ = {isa = PBXFileReference; explicitFileType = wrapper.application; includeInIndex = 0; path = CourseFinder.app; sourceTree = BUILT_PRODUCTS_DIR; };
		411262492AC5F21600A345FB /* CourseFinderApp.swift */ = {isa = PBXFileReference; lastKnownFileType = sourcecode.swift; path = CourseFinderApp.swift; sourceTree = "<group>"; };
		4112624B2AC5F21600A345FB /* ContentView.swift */ = {isa = PBXFileReference; lastKnownFileType = sourcecode.swift; path = ContentView.swift; sourceTree = "<group>"; };
		4112624D2AC5F21700A345FB /* Assets.xcassets */ = {isa = PBXFileReference; lastKnownFileType = folder.assetcatalog; path = Assets.xcassets; sourceTree = "<group>"; };
		411262502AC5F21700A345FB /* Preview Assets.xcassets */ = {isa = PBXFileReference; lastKnownFileType = folder.assetcatalog; path = "Preview Assets.xcassets"; sourceTree = "<group>"; };
		411262622AC6028500A345FB /* HomeView.swift */ = {isa = PBXFileReference; lastKnownFileType = sourcecode.swift; path = HomeView.swift; sourceTree = "<group>"; };
		411262682AC7125F00A345FB /* OnboardingView.swift */ = {isa = PBXFileReference; lastKnownFileType = sourcecode.swift; path = OnboardingView.swift; sourceTree = "<group>"; };
		414D3AEA2AC758F300578C18 /* ScheduleView.swift */ = {isa = PBXFileReference; lastKnownFileType = sourcecode.swift; path = ScheduleView.swift; sourceTree = "<group>"; };
		414D3AEC2AC776CE00578C18 /* MainView.swift */ = {isa = PBXFileReference; lastKnownFileType = sourcecode.swift; path = MainView.swift; sourceTree = "<group>"; };
		414D3AEF2AC852D500578C18 /* CustomeTabBar.swift */ = {isa = PBXFileReference; lastKnownFileType = sourcecode.swift; path = CustomeTabBar.swift; sourceTree = "<group>"; };
		414D3AF12AC859AA00578C18 /* Courses.swift */ = {isa = PBXFileReference; lastKnownFileType = sourcecode.swift; path = Courses.swift; sourceTree = "<group>"; };
		414D3AF32AC85D4900578C18 /* AddCourseView.swift */ = {isa = PBXFileReference; lastKnownFileType = sourcecode.swift; path = AddCourseView.swift; sourceTree = "<group>"; };
		414D3AF52AC872B600578C18 /* SwiftData.swift */ = {isa = PBXFileReference; lastKnownFileType = sourcecode.swift; path = SwiftData.swift; sourceTree = "<group>"; };
		419113982AC8745800291B0D /* Courses.xcdatamodel */ = {isa = PBXFileReference; lastKnownFileType = wrapper.xcdatamodel; path = Courses.xcdatamodel; sourceTree = "<group>"; };
/* End PBXFileReference section */

/* Begin PBXFrameworksBuildPhase section */
		411262432AC5F21600A345FB /* Frameworks */ = {
			isa = PBXFrameworksBuildPhase;
			buildActionMask = 2147483647;
			files = (
			);
			runOnlyForDeploymentPostprocessing = 0;
		};
/* End PBXFrameworksBuildPhase section */

/* Begin PBXGroup section */
		4112623D2AC5F21600A345FB = {
			isa = PBXGroup;
			children = (
				411262482AC5F21600A345FB /* CourseFinder */,
				411262472AC5F21600A345FB /* Products */,
			);
			sourceTree = "<group>";
		};
		411262472AC5F21600A345FB /* Products */ = {
			isa = PBXGroup;
			children = (
				411262462AC5F21600A345FB /* CourseFinder.app */,
			);
			name = Products;
			sourceTree = "<group>";
		};
		411262482AC5F21600A345FB /* CourseFinder */ = {
			isa = PBXGroup;
			children = (
				414D3AEE2AC852C200578C18 /* Widgets */,
				411262592AC5F25700A345FB /* ViewModel */,
				411262582AC5F25000A345FB /* Model */,
				411262572AC5F24100A345FB /* View */,
				411262492AC5F21600A345FB /* CourseFinderApp.swift */,
				4112624B2AC5F21600A345FB /* ContentView.swift */,
				4112624D2AC5F21700A345FB /* Assets.xcassets */,
				4112624F2AC5F21700A345FB /* Preview Content */,
				419113972AC8745800291B0D /* Courses.xcdatamodeld */,
			);
			path = CourseFinder;
			sourceTree = "<group>";
		};
		4112624F2AC5F21700A345FB /* Preview Content */ = {
			isa = PBXGroup;
			children = (
				411262502AC5F21700A345FB /* Preview Assets.xcassets */,
			);
			path = "Preview Content";
			sourceTree = "<group>";
		};
		411262572AC5F24100A345FB /* View */ = {
			isa = PBXGroup;
			children = (
				411262622AC6028500A345FB /* HomeView.swift */,
				411262682AC7125F00A345FB /* OnboardingView.swift */,
				414D3AEA2AC758F300578C18 /* ScheduleView.swift */,
				414D3AEC2AC776CE00578C18 /* MainView.swift */,
				414D3AF32AC85D4900578C18 /* AddCourseView.swift */,
				14CD7AE92AC89B09009CC207 /* EditCourseView.swift */,
				14CD7AEB2AC89C68009CC207 /* SettingView.swift */,
				14CD7AED2AC89C87009CC207 /* LinkView.swift */,
			);
			path = View;
			sourceTree = "<group>";
		};
		411262582AC5F25000A345FB /* Model */ = {
			isa = PBXGroup;
			children = (
				414D3AF12AC859AA00578C18 /* Courses.swift */,
				414D3AF52AC872B600578C18 /* SwiftData.swift */,
			);
			path = Model;
			sourceTree = "<group>";
		};
		411262592AC5F25700A345FB /* ViewModel */ = {
			isa = PBXGroup;
			children = (
			);
			path = ViewModel;
			sourceTree = "<group>";
		};
		414D3AEE2AC852C200578C18 /* Widgets */ = {
			isa = PBXGroup;
			children = (
				414D3AEF2AC852D500578C18 /* CustomeTabBar.swift */,
				14CD7AEF2AC8A5B1009CC207 /* HexagonView.swift */,
			);
			path = Widgets;
			sourceTree = "<group>";
		};
/* End PBXGroup section */

/* Begin PBXNativeTarget section */
		411262452AC5F21600A345FB /* CourseFinder */ = {
			isa = PBXNativeTarget;
			buildConfigurationList = 411262542AC5F21700A345FB /* Build configuration list for PBXNativeTarget "CourseFinder" */;
			buildPhases = (
				411262422AC5F21600A345FB /* Sources */,
				411262432AC5F21600A345FB /* Frameworks */,
				411262442AC5F21600A345FB /* Resources */,
			);
			buildRules = (
			);
			dependencies = (
			);
			name = CourseFinder;
			productName = CourseFinder;
			productReference = 411262462AC5F21600A345FB /* CourseFinder.app */;
			productType = "com.apple.product-type.application";
		};
/* End PBXNativeTarget section */

/* Begin PBXProject section */
		4112623E2AC5F21600A345FB /* Project object */ = {
			isa = PBXProject;
			attributes = {
				BuildIndependentTargetsInParallel = 1;
				LastSwiftUpdateCheck = 1500;
				LastUpgradeCheck = 1500;
				TargetAttributes = {
					411262452AC5F21600A345FB = {
						CreatedOnToolsVersion = 15.0;
					};
				};
			};
			buildConfigurationList = 411262412AC5F21600A345FB /* Build configuration list for PBXProject "CourseFinder" */;
			compatibilityVersion = "Xcode 14.0";
			developmentRegion = en;
			hasScannedForEncodings = 0;
			knownRegions = (
				en,
				Base,
			);
			mainGroup = 4112623D2AC5F21600A345FB;
			productRefGroup = 411262472AC5F21600A345FB /* Products */;
			projectDirPath = "";
			projectRoot = "";
			targets = (
				411262452AC5F21600A345FB /* CourseFinder */,
			);
		};
/* End PBXProject section */

/* Begin PBXResourcesBuildPhase section */
		411262442AC5F21600A345FB /* Resources */ = {
			isa = PBXResourcesBuildPhase;
			buildActionMask = 2147483647;
			files = (
				411262512AC5F21700A345FB /* Preview Assets.xcassets in Resources */,
				4112624E2AC5F21700A345FB /* Assets.xcassets in Resources */,
			);
			runOnlyForDeploymentPostprocessing = 0;
		};
/* End PBXResourcesBuildPhase section */

/* Begin PBXSourcesBuildPhase section */
		411262422AC5F21600A345FB /* Sources */ = {
			isa = PBXSourcesBuildPhase;
			buildActionMask = 2147483647;
			files = (
				414D3AEB2AC758F300578C18 /* ScheduleView.swift in Sources */,
				14CD7AEA2AC89B0A009CC207 /* EditCourseView.swift in Sources */,
				414D3AED2AC776CE00578C18 /* MainView.swift in Sources */,
				4112624C2AC5F21600A345FB /* ContentView.swift in Sources */,
				411262692AC7125F00A345FB /* OnboardingView.swift in Sources */,
				414D3AF22AC859AA00578C18 /* Courses.swift in Sources */,
				411262632AC6028500A345FB /* HomeView.swift in Sources */,
				4112624A2AC5F21600A345FB /* CourseFinderApp.swift in Sources */,
				14CD7AEC2AC89C68009CC207 /* SettingView.swift in Sources */,
				419113992AC8745800291B0D /* Courses.xcdatamodeld in Sources */,
				414D3AF02AC852D500578C18 /* CustomeTabBar.swift in Sources */,
				14CD7AF02AC8A5B1009CC207 /* HexagonView.swift in Sources */,
				414D3AF42AC85D4900578C18 /* AddCourseView.swift in Sources */,
				14CD7AEE2AC89C87009CC207 /* LinkView.swift in Sources */,
				414D3AF62AC872B600578C18 /* SwiftData.swift in Sources */,
			);
			runOnlyForDeploymentPostprocessing = 0;
		};
/* End PBXSourcesBuildPhase section */

/* Begin XCBuildConfiguration section */
		411262522AC5F21700A345FB /* Debug */ = {
			isa = XCBuildConfiguration;
			buildSettings = {
				ALWAYS_SEARCH_USER_PATHS = NO;
				ASSETCATALOG_COMPILER_GENERATE_SWIFT_ASSET_SYMBOL_EXTENSIONS = YES;
				CLANG_ANALYZER_NONNULL = YES;
				CLANG_ANALYZER_NUMBER_OBJECT_CONVERSION = YES_AGGRESSIVE;
				CLANG_CXX_LANGUAGE_STANDARD = "gnu++20";
				CLANG_ENABLE_MODULES = YES;
				CLANG_ENABLE_OBJC_ARC = YES;
				CLANG_ENABLE_OBJC_WEAK = YES;
				CLANG_WARN_BLOCK_CAPTURE_AUTORELEASING = YES;
				CLANG_WARN_BOOL_CONVERSION = YES;
				CLANG_WARN_COMMA = YES;
				CLANG_WARN_CONSTANT_CONVERSION = YES;
				CLANG_WARN_DEPRECATED_OBJC_IMPLEMENTATIONS = YES;
				CLANG_WARN_DIRECT_OBJC_ISA_USAGE = YES_ERROR;
				CLANG_WARN_DOCUMENTATION_COMMENTS = YES;
				CLANG_WARN_EMPTY_BODY = YES;
				CLANG_WARN_ENUM_CONVERSION = YES;
				CLANG_WARN_INFINITE_RECURSION = YES;
				CLANG_WARN_INT_CONVERSION = YES;
				CLANG_WARN_NON_LITERAL_NULL_CONVERSION = YES;
				CLANG_WARN_OBJC_IMPLICIT_RETAIN_SELF = YES;
				CLANG_WARN_OBJC_LITERAL_CONVERSION = YES;
				CLANG_WARN_OBJC_ROOT_CLASS = YES_ERROR;
				CLANG_WARN_QUOTED_INCLUDE_IN_FRAMEWORK_HEADER = YES;
				CLANG_WARN_RANGE_LOOP_ANALYSIS = YES;
				CLANG_WARN_STRICT_PROTOTYPES = YES;
				CLANG_WARN_SUSPICIOUS_MOVE = YES;
				CLANG_WARN_UNGUARDED_AVAILABILITY = YES_AGGRESSIVE;
				CLANG_WARN_UNREACHABLE_CODE = YES;
				CLANG_WARN__DUPLICATE_METHOD_MATCH = YES;
				COPY_PHASE_STRIP = NO;
				DEBUG_INFORMATION_FORMAT = dwarf;
				ENABLE_STRICT_OBJC_MSGSEND = YES;
				ENABLE_TESTABILITY = YES;
				ENABLE_USER_SCRIPT_SANDBOXING = YES;
				GCC_C_LANGUAGE_STANDARD = gnu17;
				GCC_DYNAMIC_NO_PIC = NO;
				GCC_NO_COMMON_BLOCKS = YES;
				GCC_OPTIMIZATION_LEVEL = 0;
				GCC_PREPROCESSOR_DEFINITIONS = (
					"DEBUG=1",
					"$(inherited)",
				);
				GCC_WARN_64_TO_32_BIT_CONVERSION = YES;
				GCC_WARN_ABOUT_RETURN_TYPE = YES_ERROR;
				GCC_WARN_UNDECLARED_SELECTOR = YES;
				GCC_WARN_UNINITIALIZED_AUTOS = YES_AGGRESSIVE;
				GCC_WARN_UNUSED_FUNCTION = YES;
				GCC_WARN_UNUSED_VARIABLE = YES;
				IPHONEOS_DEPLOYMENT_TARGET = 17.0;
				LOCALIZATION_PREFERS_STRING_CATALOGS = YES;
				MTL_ENABLE_DEBUG_INFO = INCLUDE_SOURCE;
				MTL_FAST_MATH = YES;
				ONLY_ACTIVE_ARCH = YES;
				SDKROOT = iphoneos;
				SWIFT_ACTIVE_COMPILATION_CONDITIONS = "DEBUG $(inherited)";
				SWIFT_OPTIMIZATION_LEVEL = "-Onone";
			};
			name = Debug;
		};
		411262532AC5F21700A345FB /* Release */ = {
			isa = XCBuildConfiguration;
			buildSettings = {
				ALWAYS_SEARCH_USER_PATHS = NO;
				ASSETCATALOG_COMPILER_GENERATE_SWIFT_ASSET_SYMBOL_EXTENSIONS = YES;
				CLANG_ANALYZER_NONNULL = YES;
				CLANG_ANALYZER_NUMBER_OBJECT_CONVERSION = YES_AGGRESSIVE;
				CLANG_CXX_LANGUAGE_STANDARD = "gnu++20";
				CLANG_ENABLE_MODULES = YES;
				CLANG_ENABLE_OBJC_ARC = YES;
				CLANG_ENABLE_OBJC_WEAK = YES;
				CLANG_WARN_BLOCK_CAPTURE_AUTORELEASING = YES;
				CLANG_WARN_BOOL_CONVERSION = YES;
				CLANG_WARN_COMMA = YES;
				CLANG_WARN_CONSTANT_CONVERSION = YES;
				CLANG_WARN_DEPRECATED_OBJC_IMPLEMENTATIONS = YES;
				CLANG_WARN_DIRECT_OBJC_ISA_USAGE = YES_ERROR;
				CLANG_WARN_DOCUMENTATION_COMMENTS = YES;
				CLANG_WARN_EMPTY_BODY = YES;
				CLANG_WARN_ENUM_CONVERSION = YES;
				CLANG_WARN_INFINITE_RECURSION = YES;
				CLANG_WARN_INT_CONVERSION = YES;
				CLANG_WARN_NON_LITERAL_NULL_CONVERSION = YES;
				CLANG_WARN_OBJC_IMPLICIT_RETAIN_SELF = YES;
				CLANG_WARN_OBJC_LITERAL_CONVERSION = YES;
				CLANG_WARN_OBJC_ROOT_CLASS = YES_ERROR;
				CLANG_WARN_QUOTED_INCLUDE_IN_FRAMEWORK_HEADER = YES;
				CLANG_WARN_RANGE_LOOP_ANALYSIS = YES;
				CLANG_WARN_STRICT_PROTOTYPES = YES;
				CLANG_WARN_SUSPICIOUS_MOVE = YES;
				CLANG_WARN_UNGUARDED_AVAILABILITY = YES_AGGRESSIVE;
				CLANG_WARN_UNREACHABLE_CODE = YES;
				CLANG_WARN__DUPLICATE_METHOD_MATCH = YES;
				COPY_PHASE_STRIP = NO;
				DEBUG_INFORMATION_FORMAT = "dwarf-with-dsym";
				ENABLE_NS_ASSERTIONS = NO;
				ENABLE_STRICT_OBJC_MSGSEND = YES;
				ENABLE_USER_SCRIPT_SANDBOXING = YES;
				GCC_C_LANGUAGE_STANDARD = gnu17;
				GCC_NO_COMMON_BLOCKS = YES;
				GCC_WARN_64_TO_32_BIT_CONVERSION = YES;
				GCC_WARN_ABOUT_RETURN_TYPE = YES_ERROR;
				GCC_WARN_UNDECLARED_SELECTOR = YES;
				GCC_WARN_UNINITIALIZED_AUTOS = YES_AGGRESSIVE;
				GCC_WARN_UNUSED_FUNCTION = YES;
				GCC_WARN_UNUSED_VARIABLE = YES;
				IPHONEOS_DEPLOYMENT_TARGET = 17.0;
				LOCALIZATION_PREFERS_STRING_CATALOGS = YES;
				MTL_ENABLE_DEBUG_INFO = NO;
				MTL_FAST_MATH = YES;
				SDKROOT = iphoneos;
				SWIFT_COMPILATION_MODE = wholemodule;
				VALIDATE_PRODUCT = YES;
			};
			name = Release;
		};
		411262552AC5F21700A345FB /* Debug */ = {
			isa = XCBuildConfiguration;
			buildSettings = {
				ASSETCATALOG_COMPILER_APPICON_NAME = AppIcon;
				ASSETCATALOG_COMPILER_GLOBAL_ACCENT_COLOR_NAME = AccentColor;
				CODE_SIGN_STYLE = Automatic;
				CURRENT_PROJECT_VERSION = 1;
				DEVELOPMENT_ASSET_PATHS = "\"CourseFinder/Preview Content\"";
				DEVELOPMENT_TEAM = 2G4SF4ARQP;
				ENABLE_PREVIEWS = YES;
				GENERATE_INFOPLIST_FILE = YES;
				INFOPLIST_KEY_UIApplicationSceneManifest_Generation = YES;
				INFOPLIST_KEY_UIApplicationSupportsIndirectInputEvents = YES;
				INFOPLIST_KEY_UILaunchScreen_Generation = YES;
				INFOPLIST_KEY_UISupportedInterfaceOrientations_iPad = "UIInterfaceOrientationPortrait UIInterfaceOrientationPortraitUpsideDown UIInterfaceOrientationLandscapeLeft UIInterfaceOrientationLandscapeRight";
				INFOPLIST_KEY_UISupportedInterfaceOrientations_iPhone = "UIInterfaceOrientationPortrait UIInterfaceOrientationLandscapeLeft UIInterfaceOrientationLandscapeRight";
				IPHONEOS_DEPLOYMENT_TARGET = 15.0;
				LD_RUNPATH_SEARCH_PATHS = (
					"$(inherited)",
					"@executable_path/Frameworks",
				);
				MARKETING_VERSION = 1.0;
				PRODUCT_BUNDLE_IDENTIFIER = aliamer.CourseFinder;
				PRODUCT_NAME = "$(TARGET_NAME)";
				SWIFT_EMIT_LOC_STRINGS = YES;
				SWIFT_VERSION = 5.0;
				TARGETED_DEVICE_FAMILY = "1,2";
			};
			name = Debug;
		};
		411262562AC5F21700A345FB /* Release */ = {
			isa = XCBuildConfiguration;
			buildSettings = {
				ASSETCATALOG_COMPILER_APPICON_NAME = AppIcon;
				ASSETCATALOG_COMPILER_GLOBAL_ACCENT_COLOR_NAME = AccentColor;
				CODE_SIGN_STYLE = Automatic;
				CURRENT_PROJECT_VERSION = 1;
				DEVELOPMENT_ASSET_PATHS = "\"CourseFinder/Preview Content\"";
				DEVELOPMENT_TEAM = 2G4SF4ARQP;
				ENABLE_PREVIEWS = YES;
				GENERATE_INFOPLIST_FILE = YES;
				INFOPLIST_KEY_UIApplicationSceneManifest_Generation = YES;
				INFOPLIST_KEY_UIApplicationSupportsIndirectInputEvents = YES;
				INFOPLIST_KEY_UILaunchScreen_Generation = YES;
				INFOPLIST_KEY_UISupportedInterfaceOrientations_iPad = "UIInterfaceOrientationPortrait UIInterfaceOrientationPortraitUpsideDown UIInterfaceOrientationLandscapeLeft UIInterfaceOrientationLandscapeRight";
				INFOPLIST_KEY_UISupportedInterfaceOrientations_iPhone = "UIInterfaceOrientationPortrait UIInterfaceOrientationLandscapeLeft UIInterfaceOrientationLandscapeRight";
				IPHONEOS_DEPLOYMENT_TARGET = 15.0;
				LD_RUNPATH_SEARCH_PATHS = (
					"$(inherited)",
					"@executable_path/Frameworks",
				);
				MARKETING_VERSION = 1.0;
				PRODUCT_BUNDLE_IDENTIFIER = aliamer.CourseFinder;
				PRODUCT_NAME = "$(TARGET_NAME)";
				SWIFT_EMIT_LOC_STRINGS = YES;
				SWIFT_VERSION = 5.0;
				TARGETED_DEVICE_FAMILY = "1,2";
			};
			name = Release;
		};
/* End XCBuildConfiguration section */

/* Begin XCConfigurationList section */
		411262412AC5F21600A345FB /* Build configuration list for PBXProject "CourseFinder" */ = {
			isa = XCConfigurationList;
			buildConfigurations = (
				411262522AC5F21700A345FB /* Debug */,
				411262532AC5F21700A345FB /* Release */,
			);
			defaultConfigurationIsVisible = 0;
			defaultConfigurationName = Release;
		};
		411262542AC5F21700A345FB /* Build configuration list for PBXNativeTarget "CourseFinder" */ = {
			isa = XCConfigurationList;
			buildConfigurations = (
				411262552AC5F21700A345FB /* Debug */,
				411262562AC5F21700A345FB /* Release */,
			);
			defaultConfigurationIsVisible = 0;
			defaultConfigurationName = Release;
		};
/* End XCConfigurationList section */

/* Begin XCVersionGroup section */
		419113972AC8745800291B0D /* Courses.xcdatamodeld */ = {
			isa = XCVersionGroup;
			children = (
				419113982AC8745800291B0D /* Courses.xcdatamodel */,
			);
			currentVersion = 419113982AC8745800291B0D /* Courses.xcdatamodel */;
			path = Courses.xcdatamodeld;
			sourceTree = "<group>";
			versionGroupType = wrapper.xcdatamodel;
		};
/* End XCVersionGroup section */
	};
	rootObject = 4112623E2AC5F21600A345FB /* Project object */;
}
